
Microsoft Visual Studio Solution File, Format Version 12.00
# Visual Studio 14
VisualStudioVersion = 14.0.21901.1
MinimumVisualStudioVersion = 10.0.40219.1
Project("{FAE04EC0-301F-11D3-BF4B-00C04F79EFBC}") = "AlgoCourse", "AlgoCourse\AlgoCourse.csproj", "{789005F0-22D9-4E3A-BDAA-F206D0408D44}"
EndProject
Project("{FAE04EC0-301F-11D3-BF4B-00C04F79EFBC}") = "TestCases", "Tests\TestCases.csproj", "{578E49F9-D8ED-49A1-8550-DDB7C9C21F23}"
EndProject
Global
	GlobalSection(SolutionConfigurationPlatforms) = preSolution
		Debug|Any CPU = Debug|Any CPU
		Release|Any CPU = Release|Any CPU
	EndGlobalSection
	GlobalSection(ProjectConfigurationPlatforms) = postSolution
		{789005F0-22D9-4E3A-BDAA-F206D0408D44}.Debug|Any CPU.ActiveCfg = Debug|Any CPU
		{789005F0-22D9-4E3A-BDAA-F206D0408D44}.Debug|Any CPU.Build.0 = Debug|Any CPU
		{789005F0-22D9-4E3A-BDAA-F206D0408D44}.Release|Any CPU.ActiveCfg = Release|Any CPU
		{789005F0-22D9-4E3A-BDAA-F206D0408D44}.Release|Any CPU.Build.0 = Release|Any CPU
		{578E49F9-D8ED-49A1-8550-DDB7C9C21F23}.Debug|Any CPU.ActiveCfg = Debug|Any CPU
		{578E49F9-D8ED-49A1-8550-DDB7C9C21F23}.Debug|Any CPU.Build.0 = Debug|Any CPU
		{578E49F9-D8ED-49A1-8550-DDB7C9C21F23}.Release|Any CPU.ActiveCfg = Release|Any CPU
		{578E49F9-D8ED-49A1-8550-DDB7C9C21F23}.Release|Any CPU.Build.0 = Release|Any CPU
	EndGlobalSection
	GlobalSection(SolutionProperties) = preSolution
		HideSolutionNode = FALSE
	EndGlobalSection
EndGlobal
